
Microsoft Visual Studio Solution File, Format Version 12.00
# Visual Studio 14
VisualStudioVersion = 14.0.25420.1
MinimumVisualStudioVersion = 10.0.40219.1
Project("{FAE04EC0-301F-11D3-BF4B-00C04F79EFBC}") = "Enterwell", "Enterwell\Enterwell.csproj", "{22E2B912-7830-4703-9E3A-112CD60E5138}"
EndProject
Project("{FAE04EC0-301F-11D3-BF4B-00C04F79EFBC}") = "CroatiaCountryModule", "CroatiaCountryModule\CroatiaCountryModule.csproj", "{891784DC-948F-498B-8635-D552DAE2F30D}"
EndProject
Project("{FAE04EC0-301F-11D3-BF4B-00C04F79EFBC}") = "BihCountryModule", "BihCountryModule\BihCountryModule.csproj", "{230E9785-DA26-425D-A57A-B9F1DE3A6C54}"
EndProject
Global
	GlobalSection(SolutionConfigurationPlatforms) = preSolution
		Debug|Any CPU = Debug|Any CPU
		Release|Any CPU = Release|Any CPU
	EndGlobalSection
	GlobalSection(ProjectConfigurationPlatforms) = postSolution
		{22E2B912-7830-4703-9E3A-112CD60E5138}.Debug|Any CPU.ActiveCfg = Debug|Any CPU
		{22E2B912-7830-4703-9E3A-112CD60E5138}.Debug|Any CPU.Build.0 = Debug|Any CPU
		{22E2B912-7830-4703-9E3A-112CD60E5138}.Release|Any CPU.ActiveCfg = Release|Any CPU
		{22E2B912-7830-4703-9E3A-112CD60E5138}.Release|Any CPU.Build.0 = Release|Any CPU
		{891784DC-948F-498B-8635-D552DAE2F30D}.Debug|Any CPU.ActiveCfg = Debug|Any CPU
		{891784DC-948F-498B-8635-D552DAE2F30D}.Debug|Any CPU.Build.0 = Debug|Any CPU
		{891784DC-948F-498B-8635-D552DAE2F30D}.Release|Any CPU.ActiveCfg = Release|Any CPU
		{891784DC-948F-498B-8635-D552DAE2F30D}.Release|Any CPU.Build.0 = Release|Any CPU
		{230E9785-DA26-425D-A57A-B9F1DE3A6C54}.Debug|Any CPU.ActiveCfg = Debug|Any CPU
		{230E9785-DA26-425D-A57A-B9F1DE3A6C54}.Debug|Any CPU.Build.0 = Debug|Any CPU
		{230E9785-DA26-425D-A57A-B9F1DE3A6C54}.Release|Any CPU.ActiveCfg = Release|Any CPU
		{230E9785-DA26-425D-A57A-B9F1DE3A6C54}.Release|Any CPU.Build.0 = Release|Any CPU
	EndGlobalSection
	GlobalSection(SolutionProperties) = preSolution
		HideSolutionNode = FALSE
	EndGlobalSection
EndGlobal
